
Microsoft Visual Studio Solution File, Format Version 12.00
# Visual Studio 15
VisualStudioVersion = 15.0.28010.2050
MinimumVisualStudioVersion = 10.0.40219.1
Project("{8BC9CEB8-8B4A-11D0-8D11-00A0C91BC942}") = "打点滴", "打点滴\打点滴.vcxproj", "{085B713E-DD89-470D-8C51-1307D6A17AC0}"
EndProject
Global
	GlobalSection(SolutionConfigurationPlatforms) = preSolution
		Debug|x64 = Debug|x64
		Debug|x86 = Debug|x86
		Release|x64 = Release|x64
		Release|x86 = Release|x86
	EndGlobalSection
	GlobalSection(ProjectConfigurationPlatforms) = postSolution
		{085B713E-DD89-470D-8C51-1307D6A17AC0}.Debug|x64.ActiveCfg = Debug|x64
		{085B713E-DD89-470D-8C51-1307D6A17AC0}.Debug|x64.Build.0 = Debug|x64
		{085B713E-DD89-470D-8C51-1307D6A17AC0}.Debug|x86.ActiveCfg = Debug|Win32
		{085B713E-DD89-470D-8C51-1307D6A17AC0}.Debug|x86.Build.0 = Debug|Win32
		{085B713E-DD89-470D-8C51-1307D6A17AC0}.Release|x64.ActiveCfg = Release|x64
		{085B713E-DD89-470D-8C51-1307D6A17AC0}.Release|x64.Build.0 = Release|x64
		{085B713E-DD89-470D-8C51-1307D6A17AC0}.Release|x86.ActiveCfg = Release|Win32
		{085B713E-DD89-470D-8C51-1307D6A17AC0}.Release|x86.Build.0 = Release|Win32
	EndGlobalSection
	GlobalSection(SolutionProperties) = preSolution
		HideSolutionNode = FALSE
	EndGlobalSection
	GlobalSection(ExtensibilityGlobals) = postSolution
		SolutionGuid = {77177B2A-A363-4466-9DCE-813D0EE47E87}
	EndGlobalSection
EndGlobal
